
Microsoft Visual Studio Solution File, Format Version 12.00
# Visual Studio 2012
Project("{FAE04EC0-301F-11D3-BF4B-00C04F79EFBC}") = "BaseUI", "BaseUI\BaseUI.csproj", "{AFC80A16-3F7B-4005-8858-1CDB10C207BD}"
EndProject
Project("{FAE04EC0-301F-11D3-BF4B-00C04F79EFBC}") = "TestAppUI", "TestAppUI\TestAppUI.csproj", "{49566DCD-4918-4ECC-BF31-48594FFA401A}"
EndProject
Project("{FAE04EC0-301F-11D3-BF4B-00C04F79EFBC}") = "Entity", "Entity\Entity.csproj", "{49E4BA44-72F4-4329-9F22-CB70865BD536}"
EndProject
Project("{00D1A9C2-B5F0-4AF3-8072-F6C62B433612}") = "Database", "Database\Database.sqlproj", "{2F5CE56B-E3D4-486C-BC13-0DBA973E1426}"
EndProject
Project("{FAE04EC0-301F-11D3-BF4B-00C04F79EFBC}") = "Util", "Util\Util.csproj", "{B45339A3-722C-477B-A194-A2168A2AA239}"
EndProject
Project("{FAE04EC0-301F-11D3-BF4B-00C04F79EFBC}") = "Server", "Server\Server.csproj", "{6D13F89F-5B2A-468B-890E-F1712A1040FC}"
EndProject
Project("{FAE04EC0-301F-11D3-BF4B-00C04F79EFBC}") = "Client", "Client\Client.csproj", "{B5273685-3ABF-411D-8916-A24A2BD4A347}"
	ProjectSection(ProjectDependencies) = postProject
		{244EBAAB-F8EC-4429-A852-16E577763819} = {244EBAAB-F8EC-4429-A852-16E577763819}
	EndProjectSection
EndProject
Project("{FAE04EC0-301F-11D3-BF4B-00C04F79EFBC}") = "WCFService", "WCFService\WCFService.csproj", "{244EBAAB-F8EC-4429-A852-16E577763819}"
EndProject
Global
	GlobalSection(SolutionConfigurationPlatforms) = preSolution
		Debug|Any CPU = Debug|Any CPU
		Debug|Mixed Platforms = Debug|Mixed Platforms
		Debug|x86 = Debug|x86
		Release|Any CPU = Release|Any CPU
		Release|Mixed Platforms = Release|Mixed Platforms
		Release|x86 = Release|x86
	EndGlobalSection
	GlobalSection(ProjectConfigurationPlatforms) = postSolution
		{AFC80A16-3F7B-4005-8858-1CDB10C207BD}.Debug|Any CPU.ActiveCfg = Debug|Any CPU
		{AFC80A16-3F7B-4005-8858-1CDB10C207BD}.Debug|Any CPU.Build.0 = Debug|Any CPU
		{AFC80A16-3F7B-4005-8858-1CDB10C207BD}.Debug|Mixed Platforms.ActiveCfg = Debug|Any CPU
		{AFC80A16-3F7B-4005-8858-1CDB10C207BD}.Debug|Mixed Platforms.Build.0 = Debug|Any CPU
		{AFC80A16-3F7B-4005-8858-1CDB10C207BD}.Debug|x86.ActiveCfg = Debug|Any CPU
		{AFC80A16-3F7B-4005-8858-1CDB10C207BD}.Release|Any CPU.ActiveCfg = Release|Any CPU
		{AFC80A16-3F7B-4005-8858-1CDB10C207BD}.Release|Any CPU.Build.0 = Release|Any CPU
		{AFC80A16-3F7B-4005-8858-1CDB10C207BD}.Release|Mixed Platforms.ActiveCfg = Release|Any CPU
		{AFC80A16-3F7B-4005-8858-1CDB10C207BD}.Release|Mixed Platforms.Build.0 = Release|Any CPU
		{AFC80A16-3F7B-4005-8858-1CDB10C207BD}.Release|x86.ActiveCfg = Release|Any CPU
		{49566DCD-4918-4ECC-BF31-48594FFA401A}.Debug|Any CPU.ActiveCfg = Debug|x86
		{49566DCD-4918-4ECC-BF31-48594FFA401A}.Debug|Any CPU.Build.0 = Debug|x86
		{49566DCD-4918-4ECC-BF31-48594FFA401A}.Debug|Mixed Platforms.ActiveCfg = Debug|x86
		{49566DCD-4918-4ECC-BF31-48594FFA401A}.Debug|Mixed Platforms.Build.0 = Debug|x86
		{49566DCD-4918-4ECC-BF31-48594FFA401A}.Debug|x86.ActiveCfg = Debug|x86
		{49566DCD-4918-4ECC-BF31-48594FFA401A}.Debug|x86.Build.0 = Debug|x86
		{49566DCD-4918-4ECC-BF31-48594FFA401A}.Release|Any CPU.ActiveCfg = Release|x86
		{49566DCD-4918-4ECC-BF31-48594FFA401A}.Release|Any CPU.Build.0 = Release|x86
		{49566DCD-4918-4ECC-BF31-48594FFA401A}.Release|Mixed Platforms.ActiveCfg = Release|x86
		{49566DCD-4918-4ECC-BF31-48594FFA401A}.Release|Mixed Platforms.Build.0 = Release|x86
		{49566DCD-4918-4ECC-BF31-48594FFA401A}.Release|x86.ActiveCfg = Release|x86
		{49566DCD-4918-4ECC-BF31-48594FFA401A}.Release|x86.Build.0 = Release|x86
		{49E4BA44-72F4-4329-9F22-CB70865BD536}.Debug|Any CPU.ActiveCfg = Debug|Any CPU
		{49E4BA44-72F4-4329-9F22-CB70865BD536}.Debug|Any CPU.Build.0 = Debug|Any CPU
		{49E4BA44-72F4-4329-9F22-CB70865BD536}.Debug|Mixed Platforms.ActiveCfg = Debug|Any CPU
		{49E4BA44-72F4-4329-9F22-CB70865BD536}.Debug|Mixed Platforms.Build.0 = Debug|Any CPU
		{49E4BA44-72F4-4329-9F22-CB70865BD536}.Debug|x86.ActiveCfg = Debug|Any CPU
		{49E4BA44-72F4-4329-9F22-CB70865BD536}.Release|Any CPU.ActiveCfg = Release|Any CPU
		{49E4BA44-72F4-4329-9F22-CB70865BD536}.Release|Any CPU.Build.0 = Release|Any CPU
		{49E4BA44-72F4-4329-9F22-CB70865BD536}.Release|Mixed Platforms.ActiveCfg = Release|Any CPU
		{49E4BA44-72F4-4329-9F22-CB70865BD536}.Release|Mixed Platforms.Build.0 = Release|Any CPU
		{49E4BA44-72F4-4329-9F22-CB70865BD536}.Release|x86.ActiveCfg = Release|Any CPU
		{2F5CE56B-E3D4-486C-BC13-0DBA973E1426}.Debug|Any CPU.ActiveCfg = Debug|Any CPU
		{2F5CE56B-E3D4-486C-BC13-0DBA973E1426}.Debug|Any CPU.Build.0 = Debug|Any CPU
		{2F5CE56B-E3D4-486C-BC13-0DBA973E1426}.Debug|Mixed Platforms.ActiveCfg = Debug|Any CPU
		{2F5CE56B-E3D4-486C-BC13-0DBA973E1426}.Debug|Mixed Platforms.Build.0 = Debug|Any CPU
		{2F5CE56B-E3D4-486C-BC13-0DBA973E1426}.Debug|x86.ActiveCfg = Debug|Any CPU
		{2F5CE56B-E3D4-486C-BC13-0DBA973E1426}.Release|Any CPU.ActiveCfg = Release|Any CPU
		{2F5CE56B-E3D4-486C-BC13-0DBA973E1426}.Release|Any CPU.Build.0 = Release|Any CPU
		{2F5CE56B-E3D4-486C-BC13-0DBA973E1426}.Release|Mixed Platforms.ActiveCfg = Release|Any CPU
		{2F5CE56B-E3D4-486C-BC13-0DBA973E1426}.Release|Mixed Platforms.Build.0 = Release|Any CPU
		{2F5CE56B-E3D4-486C-BC13-0DBA973E1426}.Release|x86.ActiveCfg = Release|Any CPU
		{B45339A3-722C-477B-A194-A2168A2AA239}.Debug|Any CPU.ActiveCfg = Debug|Any CPU
		{B45339A3-722C-477B-A194-A2168A2AA239}.Debug|Any CPU.Build.0 = Debug|Any CPU
		{B45339A3-722C-477B-A194-A2168A2AA239}.Debug|Mixed Platforms.ActiveCfg = Debug|Any CPU
		{B45339A3-722C-477B-A194-A2168A2AA239}.Debug|Mixed Platforms.Build.0 = Debug|Any CPU
		{B45339A3-722C-477B-A194-A2168A2AA239}.Debug|x86.ActiveCfg = Debug|Any CPU
		{B45339A3-722C-477B-A194-A2168A2AA239}.Release|Any CPU.ActiveCfg = Release|Any CPU
		{B45339A3-722C-477B-A194-A2168A2AA239}.Release|Any CPU.Build.0 = Release|Any CPU
		{B45339A3-722C-477B-A194-A2168A2AA239}.Release|Mixed Platforms.ActiveCfg = Release|Any CPU
		{B45339A3-722C-477B-A194-A2168A2AA239}.Release|Mixed Platforms.Build.0 = Release|Any CPU
		{B45339A3-722C-477B-A194-A2168A2AA239}.Release|x86.ActiveCfg = Release|Any CPU
		{6D13F89F-5B2A-468B-890E-F1712A1040FC}.Debug|Any CPU.ActiveCfg = Debug|Any CPU
		{6D13F89F-5B2A-468B-890E-F1712A1040FC}.Debug|Any CPU.Build.0 = Debug|Any CPU
		{6D13F89F-5B2A-468B-890E-F1712A1040FC}.Debug|Mixed Platforms.ActiveCfg = Debug|Any CPU
		{6D13F89F-5B2A-468B-890E-F1712A1040FC}.Debug|Mixed Platforms.Build.0 = Debug|Any CPU
		{6D13F89F-5B2A-468B-890E-F1712A1040FC}.Debug|x86.ActiveCfg = Debug|Any CPU
		{6D13F89F-5B2A-468B-890E-F1712A1040FC}.Release|Any CPU.ActiveCfg = Release|Any CPU
		{6D13F89F-5B2A-468B-890E-F1712A1040FC}.Release|Any CPU.Build.0 = Release|Any CPU
		{6D13F89F-5B2A-468B-890E-F1712A1040FC}.Release|Mixed Platforms.ActiveCfg = Release|Any CPU
		{6D13F89F-5B2A-468B-890E-F1712A1040FC}.Release|Mixed Platforms.Build.0 = Release|Any CPU
		{6D13F89F-5B2A-468B-890E-F1712A1040FC}.Release|x86.ActiveCfg = Release|Any CPU
		{B5273685-3ABF-411D-8916-A24A2BD4A347}.Debug|Any CPU.ActiveCfg = Debug|Any CPU
		{B5273685-3ABF-411D-8916-A24A2BD4A347}.Debug|Any CPU.Build.0 = Debug|Any CPU
		{B5273685-3ABF-411D-8916-A24A2BD4A347}.Debug|Mixed Platforms.ActiveCfg = Debug|Any CPU
		{B5273685-3ABF-411D-8916-A24A2BD4A347}.Debug|Mixed Platforms.Build.0 = Debug|Any CPU
		{B5273685-3ABF-411D-8916-A24A2BD4A347}.Debug|x86.ActiveCfg = Debug|Any CPU
		{B5273685-3ABF-411D-8916-A24A2BD4A347}.Release|Any CPU.ActiveCfg = Release|Any CPU
		{B5273685-3ABF-411D-8916-A24A2BD4A347}.Release|Any CPU.Build.0 = Release|Any CPU
		{B5273685-3ABF-411D-8916-A24A2BD4A347}.Release|Mixed Platforms.ActiveCfg = Release|Any CPU
		{B5273685-3ABF-411D-8916-A24A2BD4A347}.Release|Mixed Platforms.Build.0 = Release|Any CPU
		{B5273685-3ABF-411D-8916-A24A2BD4A347}.Release|x86.ActiveCfg = Release|Any CPU
		{244EBAAB-F8EC-4429-A852-16E577763819}.Debug|Any CPU.ActiveCfg = Debug|Any CPU
		{244EBAAB-F8EC-4429-A852-16E577763819}.Debug|Any CPU.Build.0 = Debug|Any CPU
		{244EBAAB-F8EC-4429-A852-16E577763819}.Debug|Mixed Platforms.ActiveCfg = Debug|Any CPU
		{244EBAAB-F8EC-4429-A852-16E577763819}.Debug|Mixed Platforms.Build.0 = Debug|Any CPU
		{244EBAAB-F8EC-4429-A852-16E577763819}.Debug|x86.ActiveCfg = Debug|Any CPU
		{244EBAAB-F8EC-4429-A852-16E577763819}.Release|Any CPU.ActiveCfg = Release|Any CPU
		{244EBAAB-F8EC-4429-A852-16E577763819}.Release|Any CPU.Build.0 = Release|Any CPU
		{244EBAAB-F8EC-4429-A852-16E577763819}.Release|Mixed Platforms.ActiveCfg = Release|Any CPU
		{244EBAAB-F8EC-4429-A852-16E577763819}.Release|Mixed Platforms.Build.0 = Release|Any CPU
		{244EBAAB-F8EC-4429-A852-16E577763819}.Release|x86.ActiveCfg = Release|Any CPU
	EndGlobalSection
	GlobalSection(SolutionProperties) = preSolution
		HideSolutionNode = FALSE
	EndGlobalSection
EndGlobal
